
Microsoft Visual Studio Solution File, Format Version 12.00
Project("{FAE04EC0-301F-11D3-BF4B-00C04F79EFBC}") = "TKV.API", "TKV.API\TKV.API.csproj", "{1EA6549B-E5EE-43EE-9931-656A21085821}"
EndProject
Project("{FAE04EC0-301F-11D3-BF4B-00C04F79EFBC}") = "TKV.Interface", "TKV.Interface\TKV.Interface.csproj", "{717150FF-B10F-4EA8-8E77-B3ED08DA466D}"
EndProject
Project("{FAE04EC0-301F-11D3-BF4B-00C04F79EFBC}") = "TKV.Service", "TKV.Service\TKV.Service.csproj", "{EFB184F2-F560-4D9E-A371-F1CC60551189}"
EndProject
Project("{FAE04EC0-301F-11D3-BF4B-00C04F79EFBC}") = "TKV.Model", "TKV.Model\TKV.Model.csproj", "{45F3744E-402A-4D8E-B1B9-EBDBFAD285BA}"
EndProject
Project("{FAE04EC0-301F-11D3-BF4B-00C04F79EFBC}") = "TKV.Test", "TKV.Test\TKV.Test.csproj", "{D9BFA1F4-FEDE-4FB5-8FAC-90923A958CCC}"
EndProject
Project("{FAE04EC0-301F-11D3-BF4B-00C04F79EFBC}") = "TKV.Common", "TKV.Common\TKV.Common.csproj", "{7D5BFEB8-69E0-4F66-B6A8-84F26867E894}"
EndProject
Global
	GlobalSection(SolutionConfigurationPlatforms) = preSolution
		Debug|Any CPU = Debug|Any CPU
		Release|Any CPU = Release|Any CPU
	EndGlobalSection
	GlobalSection(ProjectConfigurationPlatforms) = postSolution
		{1EA6549B-E5EE-43EE-9931-656A21085821}.Debug|Any CPU.ActiveCfg = Debug|Any CPU
		{1EA6549B-E5EE-43EE-9931-656A21085821}.Debug|Any CPU.Build.0 = Debug|Any CPU
		{1EA6549B-E5EE-43EE-9931-656A21085821}.Release|Any CPU.ActiveCfg = Release|Any CPU
		{1EA6549B-E5EE-43EE-9931-656A21085821}.Release|Any CPU.Build.0 = Release|Any CPU
		{717150FF-B10F-4EA8-8E77-B3ED08DA466D}.Debug|Any CPU.ActiveCfg = Debug|Any CPU
		{717150FF-B10F-4EA8-8E77-B3ED08DA466D}.Debug|Any CPU.Build.0 = Debug|Any CPU
		{717150FF-B10F-4EA8-8E77-B3ED08DA466D}.Release|Any CPU.ActiveCfg = Release|Any CPU
		{717150FF-B10F-4EA8-8E77-B3ED08DA466D}.Release|Any CPU.Build.0 = Release|Any CPU
		{EFB184F2-F560-4D9E-A371-F1CC60551189}.Debug|Any CPU.ActiveCfg = Debug|Any CPU
		{EFB184F2-F560-4D9E-A371-F1CC60551189}.Debug|Any CPU.Build.0 = Debug|Any CPU
		{EFB184F2-F560-4D9E-A371-F1CC60551189}.Release|Any CPU.ActiveCfg = Release|Any CPU
		{EFB184F2-F560-4D9E-A371-F1CC60551189}.Release|Any CPU.Build.0 = Release|Any CPU
		{45F3744E-402A-4D8E-B1B9-EBDBFAD285BA}.Debug|Any CPU.ActiveCfg = Debug|Any CPU
		{45F3744E-402A-4D8E-B1B9-EBDBFAD285BA}.Debug|Any CPU.Build.0 = Debug|Any CPU
		{45F3744E-402A-4D8E-B1B9-EBDBFAD285BA}.Release|Any CPU.ActiveCfg = Release|Any CPU
		{45F3744E-402A-4D8E-B1B9-EBDBFAD285BA}.Release|Any CPU.Build.0 = Release|Any CPU
		{D9BFA1F4-FEDE-4FB5-8FAC-90923A958CCC}.Debug|Any CPU.ActiveCfg = Debug|Any CPU
		{D9BFA1F4-FEDE-4FB5-8FAC-90923A958CCC}.Debug|Any CPU.Build.0 = Debug|Any CPU
		{D9BFA1F4-FEDE-4FB5-8FAC-90923A958CCC}.Release|Any CPU.ActiveCfg = Release|Any CPU
		{D9BFA1F4-FEDE-4FB5-8FAC-90923A958CCC}.Release|Any CPU.Build.0 = Release|Any CPU
		{7D5BFEB8-69E0-4F66-B6A8-84F26867E894}.Debug|Any CPU.ActiveCfg = Debug|Any CPU
		{7D5BFEB8-69E0-4F66-B6A8-84F26867E894}.Debug|Any CPU.Build.0 = Debug|Any CPU
		{7D5BFEB8-69E0-4F66-B6A8-84F26867E894}.Release|Any CPU.ActiveCfg = Release|Any CPU
		{7D5BFEB8-69E0-4F66-B6A8-84F26867E894}.Release|Any CPU.Build.0 = Release|Any CPU
	EndGlobalSection
EndGlobal
